// !$*UTF8*$!
{
	archiveVersion = 1;
	classes = {
	};
	objectVersion = 50;
	objects = {

/* Begin PBXBuildFile section */
		0C4E388021538A2E000766A0 /* ZQSearchControllerTests.m in Sources */ = {isa = PBXBuildFile; fileRef = 0C4E387F21538A2E000766A0 /* ZQSearchControllerTests.m */; };
		0C4E388B21538A2E000766A0 /* ZQSearchControllerUITests.m in Sources */ = {isa = PBXBuildFile; fileRef = 0C4E388A21538A2E000766A0 /* ZQSearchControllerUITests.m */; };
		0C6F0900216C58ED0015CE9D /* icon_x.png in Resources */ = {isa = PBXBuildFile; fileRef = 0C6F08DE216C58ED0015CE9D /* icon_x.png */; };
		0C6F0901216C58ED0015CE9D /* empty.png in Resources */ = {isa = PBXBuildFile; fileRef = 0C6F08DF216C58ED0015CE9D /* empty.png */; };
		0C6F0902216C58ED0015CE9D /* default@3x.png in Resources */ = {isa = PBXBuildFile; fileRef = 0C6F08E0216C58ED0015CE9D /* default@3x.png */; };
		0C6F0903216C58ED0015CE9D /* ZQSearch.podspec in Resources */ = {isa = PBXBuildFile; fileRef = 0C6F08E1216C58ED0015CE9D /* ZQSearch.podspec */; };
		0C6F0904216C58ED0015CE9D /* ic_search@3x.png in Resources */ = {isa = PBXBuildFile; fileRef = 0C6F08E2216C58ED0015CE9D /* ic_search@3x.png */; };
		0C6F0905216C58ED0015CE9D /* ic_back@2x.png in Resources */ = {isa = PBXBuildFile; fileRef = 0C6F08E3216C58ED0015CE9D /* ic_back@2x.png */; };
		0C6F0906216C58ED0015CE9D /* UIColor+ZQSearch.m in Sources */ = {isa = PBXBuildFile; fileRef = 0C6F08E9216C58ED0015CE9D /* UIColor+ZQSearch.m */; };
		0C6F0907216C58ED0015CE9D /* ZQSearchNormalLayout.m in Sources */ = {isa = PBXBuildFile; fileRef = 0C6F08EB216C58ED0015CE9D /* ZQSearchNormalLayout.m */; };
		0C6F0908216C58ED0015CE9D /* ZQSearchEditViewController.m in Sources */ = {isa = PBXBuildFile; fileRef = 0C6F08EF216C58ED0015CE9D /* ZQSearchEditViewController.m */; };
		0C6F0909216C58ED0015CE9D /* ZQSearchViewController.m in Sources */ = {isa = PBXBuildFile; fileRef = 0C6F08F0216C58ED0015CE9D /* ZQSearchViewController.m */; };
		0C6F090A216C58ED0015CE9D /* ZQSearchNormalViewController.m in Sources */ = {isa = PBXBuildFile; fileRef = 0C6F08F1216C58ED0015CE9D /* ZQSearchNormalViewController.m */; };
		0C6F090B216C58ED0015CE9D /* ZQSearchNormalCell.m in Sources */ = {isa = PBXBuildFile; fileRef = 0C6F08F7216C58ED0015CE9D /* ZQSearchNormalCell.m */; };
		0C6F090C216C58ED0015CE9D /* ZQSearchEditBaseCell.m in Sources */ = {isa = PBXBuildFile; fileRef = 0C6F08F8216C58ED0015CE9D /* ZQSearchEditBaseCell.m */; };
		0C6F090D216C58ED0015CE9D /* ZQSearchConfirmCell.m in Sources */ = {isa = PBXBuildFile; fileRef = 0C6F08F9216C58ED0015CE9D /* ZQSearchConfirmCell.m */; };
		0C6F090E216C58ED0015CE9D /* ZQSearchEditNormalCell.m in Sources */ = {isa = PBXBuildFile; fileRef = 0C6F08FA216C58ED0015CE9D /* ZQSearchEditNormalCell.m */; };
		0C6F090F216C58ED0015CE9D /* ZQSearchCollectionReusableView.m in Sources */ = {isa = PBXBuildFile; fileRef = 0C6F08FC216C58ED0015CE9D /* ZQSearchCollectionReusableView.m */; };
		0C6F0923216C59000015CE9D /* searchEditModel.m in Sources */ = {isa = PBXBuildFile; fileRef = 0C6F0912216C59000015CE9D /* searchEditModel.m */; };
		0C6F0924216C59000015CE9D /* ResultViewController.m in Sources */ = {isa = PBXBuildFile; fileRef = 0C6F0913216C59000015CE9D /* ResultViewController.m */; };
		0C6F0925216C59000015CE9D /* ViewController.m in Sources */ = {isa = PBXBuildFile; fileRef = 0C6F0914216C59000015CE9D /* ViewController.m */; };
		0C6F0926216C59000015CE9D /* ResultFuzzyViewController.m in Sources */ = {isa = PBXBuildFile; fileRef = 0C6F0918216C59000015CE9D /* ResultFuzzyViewController.m */; };
		0C6F0927216C59000015CE9D /* Assets.xcassets in Resources */ = {isa = PBXBuildFile; fileRef = 0C6F091B216C59000015CE9D /* Assets.xcassets */; };
		0C6F0928216C59000015CE9D /* LaunchScreen.storyboard in Resources */ = {isa = PBXBuildFile; fileRef = 0C6F091C216C59000015CE9D /* LaunchScreen.storyboard */; };
		0C6F0929216C59000015CE9D /* Main.storyboard in Resources */ = {isa = PBXBuildFile; fileRef = 0C6F091E216C59000015CE9D /* Main.storyboard */; };
		0C6F092A216C59000015CE9D /* main.m in Sources */ = {isa = PBXBuildFile; fileRef = 0C6F0920216C59000015CE9D /* main.m */; };
		0C6F092B216C59000015CE9D /* AppDelegate.m in Sources */ = {isa = PBXBuildFile; fileRef = 0C6F0921216C59000015CE9D /* AppDelegate.m */; };
		14D9BD4F2EEB108F3333AD7E /* libPods-ZQSearchControllerUITests.a in Frameworks */ = {isa = PBXBuildFile; fileRef = DAB5F4B5C0A249BD55BC37EA /* libPods-ZQSearchControllerUITests.a */; };
		F14ECEA2701B3B4DC28E6150 /* libPods-ZQSearchController.a in Frameworks */ = {isa = PBXBuildFile; fileRef = CDE18AE016B8576B5A528756 /* libPods-ZQSearchController.a */; };
		F4F376065CD7AC08A5632399 /* libPods-ZQSearchControllerTests.a in Frameworks */ = {isa = PBXBuildFile; fileRef = D3E0A97115FEAA4911B46CF1 /* libPods-ZQSearchControllerTests.a */; };
/* End PBXBuildFile section */

/* Begin PBXContainerItemProxy section */
		0C4E387C21538A2E000766A0 /* PBXContainerItemProxy */ = {
			isa = PBXContainerItemProxy;
			containerPortal = 0C4E385B21538A2C000766A0 /* Project object */;
			proxyType = 1;
			remoteGlobalIDString = 0C4E386221538A2C000766A0;
			remoteInfo = ZQSearchController;
		};
		0C4E388721538A2E000766A0 /* PBXContainerItemProxy */ = {
			isa = PBXContainerItemProxy;
			containerPortal = 0C4E385B21538A2C000766A0 /* Project object */;
			proxyType = 1;
			remoteGlobalIDString = 0C4E386221538A2C000766A0;
			remoteInfo = ZQSearchController;
		};
/* End PBXContainerItemProxy section */

/* Begin PBXFileReference section */
		0C4E386321538A2C000766A0 /* ZQSearchController.app */ = {isa = PBXFileReference; explicitFileType = wrapper.application; includeInIndex = 0; path = ZQSearchController.app; sourceTree = BUILT_PRODUCTS_DIR; };
		0C4E387B21538A2E000766A0 /* ZQSearchControllerTests.xctest */ = {isa = PBXFileReference; explicitFileType = wrapper.cfbundle; includeInIndex = 0; path = ZQSearchControllerTests.xctest; sourceTree = BUILT_PRODUCTS_DIR; };
		0C4E387F21538A2E000766A0 /* ZQSearchControllerTests.m */ = {isa = PBXFileReference; lastKnownFileType = sourcecode.c.objc; path = ZQSearchControllerTests.m; sourceTree = "<group>"; };
		0C4E388121538A2E000766A0 /* Info.plist */ = {isa = PBXFileReference; lastKnownFileType = text.plist.xml; path = Info.plist; sourceTree = "<group>"; };
		0C4E388621538A2E000766A0 /* ZQSearchControllerUITests.xctest */ = {isa = PBXFileReference; explicitFileType = wrapper.cfbundle; includeInIndex = 0; path = ZQSearchControllerUITests.xctest; sourceTree = BUILT_PRODUCTS_DIR; };
		0C4E388A21538A2E000766A0 /* ZQSearchControllerUITests.m */ = {isa = PBXFileReference; lastKnownFileType = sourcecode.c.objc; path = ZQSearchControllerUITests.m; sourceTree = "<group>"; };
		0C4E388C21538A2E000766A0 /* Info.plist */ = {isa = PBXFileReference; lastKnownFileType = text.plist.xml; path = Info.plist; sourceTree = "<group>"; };
		0C6F08DE216C58ED0015CE9D /* icon_x.png */ = {isa = PBXFileReference; lastKnownFileType = image.png; path = icon_x.png; sourceTree = "<group>"; };
		0C6F08DF216C58ED0015CE9D /* empty.png */ = {isa = PBXFileReference; lastKnownFileType = image.png; path = empty.png; sourceTree = "<group>"; };
		0C6F08E0216C58ED0015CE9D /* default@3x.png */ = {isa = PBXFileReference; lastKnownFileType = image.png; path = "default@3x.png"; sourceTree = "<group>"; };
		0C6F08E1216C58ED0015CE9D /* ZQSearch.podspec */ = {isa = PBXFileReference; fileEncoding = 4; lastKnownFileType = text; path = ZQSearch.podspec; sourceTree = "<group>"; };
		0C6F08E2216C58ED0015CE9D /* ic_search@3x.png */ = {isa = PBXFileReference; lastKnownFileType = image.png; path = "ic_search@3x.png"; sourceTree = "<group>"; };
		0C6F08E3216C58ED0015CE9D /* ic_back@2x.png */ = {isa = PBXFileReference; lastKnownFileType = image.png; path = "ic_back@2x.png"; sourceTree = "<group>"; };
		0C6F08E6216C58ED0015CE9D /* ZQSearchConst.h */ = {isa = PBXFileReference; fileEncoding = 4; lastKnownFileType = sourcecode.c.h; path = ZQSearchConst.h; sourceTree = "<group>"; };
		0C6F08E8216C58ED0015CE9D /* UIColor+ZQSearch.h */ = {isa = PBXFileReference; fileEncoding = 4; lastKnownFileType = sourcecode.c.h; path = "UIColor+ZQSearch.h"; sourceTree = "<group>"; };
		0C6F08E9216C58ED0015CE9D /* UIColor+ZQSearch.m */ = {isa = PBXFileReference; fileEncoding = 4; lastKnownFileType = sourcecode.c.objc; path = "UIColor+ZQSearch.m"; sourceTree = "<group>"; };
		0C6F08EB216C58ED0015CE9D /* ZQSearchNormalLayout.m */ = {isa = PBXFileReference; fileEncoding = 4; lastKnownFileType = sourcecode.c.objc; path = ZQSearchNormalLayout.m; sourceTree = "<group>"; };
		0C6F08EC216C58ED0015CE9D /* ZQSearchNormalLayout.h */ = {isa = PBXFileReference; fileEncoding = 4; lastKnownFileType = sourcecode.c.h; path = ZQSearchNormalLayout.h; sourceTree = "<group>"; };
		0C6F08EE216C58ED0015CE9D /* ZQSearchNormalViewController.h */ = {isa = PBXFileReference; fileEncoding = 4; lastKnownFileType = sourcecode.c.h; path = ZQSearchNormalViewController.h; sourceTree = "<group>"; };
		0C6F08EF216C58ED0015CE9D /* ZQSearchEditViewController.m */ = {isa = PBXFileReference; fileEncoding = 4; lastKnownFileType = sourcecode.c.objc; path = ZQSearchEditViewController.m; sourceTree = "<group>"; };
		0C6F08F0216C58ED0015CE9D /* ZQSearchViewController.m */ = {isa = PBXFileReference; fileEncoding = 4; lastKnownFileType = sourcecode.c.objc; path = ZQSearchViewController.m; sourceTree = "<group>"; wrapsLines = 0; };
		0C6F08F1216C58ED0015CE9D /* ZQSearchNormalViewController.m */ = {isa = PBXFileReference; fileEncoding = 4; lastKnownFileType = sourcecode.c.objc; path = ZQSearchNormalViewController.m; sourceTree = "<group>"; };
		0C6F08F2216C58ED0015CE9D /* ZQSearchViewController.h */ = {isa = PBXFileReference; fileEncoding = 4; lastKnownFileType = sourcecode.c.h; path = ZQSearchViewController.h; sourceTree = "<group>"; };
		0C6F08F3216C58ED0015CE9D /* ZQSearchEditViewController.h */ = {isa = PBXFileReference; fileEncoding = 4; lastKnownFileType = sourcecode.c.h; path = ZQSearchEditViewController.h; sourceTree = "<group>"; };
		0C6F08F6216C58ED0015CE9D /* ZQSearchCollectionReusableView.h */ = {isa = PBXFileReference; fileEncoding = 4; lastKnownFileType = sourcecode.c.h; path = ZQSearchCollectionReusableView.h; sourceTree = "<group>"; };
		0C6F08F7216C58ED0015CE9D /* ZQSearchNormalCell.m */ = {isa = PBXFileReference; fileEncoding = 4; lastKnownFileType = sourcecode.c.objc; path = ZQSearchNormalCell.m; sourceTree = "<group>"; };
		0C6F08F8216C58ED0015CE9D /* ZQSearchEditBaseCell.m */ = {isa = PBXFileReference; fileEncoding = 4; lastKnownFileType = sourcecode.c.objc; path = ZQSearchEditBaseCell.m; sourceTree = "<group>"; };
		0C6F08F9216C58ED0015CE9D /* ZQSearchConfirmCell.m */ = {isa = PBXFileReference; fileEncoding = 4; lastKnownFileType = sourcecode.c.objc; path = ZQSearchConfirmCell.m; sourceTree = "<group>"; };
		0C6F08FA216C58ED0015CE9D /* ZQSearchEditNormalCell.m */ = {isa = PBXFileReference; fileEncoding = 4; lastKnownFileType = sourcecode.c.objc; path = ZQSearchEditNormalCell.m; sourceTree = "<group>"; };
		0C6F08FB216C58ED0015CE9D /* ZQSearchNormalCell.h */ = {isa = PBXFileReference; fileEncoding = 4; lastKnownFileType = sourcecode.c.h; path = ZQSearchNormalCell.h; sourceTree = "<group>"; };
		0C6F08FC216C58ED0015CE9D /* ZQSearchCollectionReusableView.m */ = {isa = PBXFileReference; fileEncoding = 4; lastKnownFileType = sourcecode.c.objc; path = ZQSearchCollectionReusableView.m; sourceTree = "<group>"; };
		0C6F08FD216C58ED0015CE9D /* ZQSearchEditBaseCell.h */ = {isa = PBXFileReference; fileEncoding = 4; lastKnownFileType = sourcecode.c.h; path = ZQSearchEditBaseCell.h; sourceTree = "<group>"; };
		0C6F08FE216C58ED0015CE9D /* ZQSearchEditNormalCell.h */ = {isa = PBXFileReference; fileEncoding = 4; lastKnownFileType = sourcecode.c.h; path = ZQSearchEditNormalCell.h; sourceTree = "<group>"; };
		0C6F08FF216C58ED0015CE9D /* ZQSearchConfirmCell.h */ = {isa = PBXFileReference; fileEncoding = 4; lastKnownFileType = sourcecode.c.h; path = ZQSearchConfirmCell.h; sourceTree = "<group>"; };
		0C6F0912216C59000015CE9D /* searchEditModel.m */ = {isa = PBXFileReference; fileEncoding = 4; lastKnownFileType = sourcecode.c.objc; path = searchEditModel.m; sourceTree = "<group>"; };
		0C6F0913216C59000015CE9D /* ResultViewController.m */ = {isa = PBXFileReference; fileEncoding = 4; lastKnownFileType = sourcecode.c.objc; path = ResultViewController.m; sourceTree = "<group>"; };
		0C6F0914216C59000015CE9D /* ViewController.m */ = {isa = PBXFileReference; fileEncoding = 4; lastKnownFileType = sourcecode.c.objc; path = ViewController.m; sourceTree = "<group>"; };
		0C6F0915216C59000015CE9D /* ResultFuzzyViewController.h */ = {isa = PBXFileReference; fileEncoding = 4; lastKnownFileType = sourcecode.c.h; path = ResultFuzzyViewController.h; sourceTree = "<group>"; };
		0C6F0916216C59000015CE9D /* searchEditModel.h */ = {isa = PBXFileReference; fileEncoding = 4; lastKnownFileType = sourcecode.c.h; path = searchEditModel.h; sourceTree = "<group>"; };
		0C6F0917216C59000015CE9D /* ResultViewController.h */ = {isa = PBXFileReference; fileEncoding = 4; lastKnownFileType = sourcecode.c.h; path = ResultViewController.h; sourceTree = "<group>"; };
		0C6F0918216C59000015CE9D /* ResultFuzzyViewController.m */ = {isa = PBXFileReference; fileEncoding = 4; lastKnownFileType = sourcecode.c.objc; path = ResultFuzzyViewController.m; sourceTree = "<group>"; };
		0C6F0919216C59000015CE9D /* ViewController.h */ = {isa = PBXFileReference; fileEncoding = 4; lastKnownFileType = sourcecode.c.h; path = ViewController.h; sourceTree = "<group>"; };
		0C6F091A216C59000015CE9D /* AppDelegate.h */ = {isa = PBXFileReference; fileEncoding = 4; lastKnownFileType = sourcecode.c.h; path = AppDelegate.h; sourceTree = "<group>"; };
		0C6F091B216C59000015CE9D /* Assets.xcassets */ = {isa = PBXFileReference; lastKnownFileType = folder.assetcatalog; path = Assets.xcassets; sourceTree = "<group>"; };
		0C6F091D216C59000015CE9D /* Base */ = {isa = PBXFileReference; lastKnownFileType = file.storyboard; name = Base; path = Base.lproj/LaunchScreen.storyboard; sourceTree = "<group>"; };
		0C6F091F216C59000015CE9D /* Base */ = {isa = PBXFileReference; lastKnownFileType = file.storyboard; name = Base; path = Base.lproj/Main.storyboard; sourceTree = "<group>"; };
		0C6F0920216C59000015CE9D /* main.m */ = {isa = PBXFileReference; fileEncoding = 4; lastKnownFileType = sourcecode.c.objc; path = main.m; sourceTree = "<group>"; };
		0C6F0921216C59000015CE9D /* AppDelegate.m */ = {isa = PBXFileReference; fileEncoding = 4; lastKnownFileType = sourcecode.c.objc; path = AppDelegate.m; sourceTree = "<group>"; };
		0C6F0922216C59000015CE9D /* Info.plist */ = {isa = PBXFileReference; fileEncoding = 4; lastKnownFileType = text.plist.xml; path = Info.plist; sourceTree = "<group>"; };
		16ACD1970B7E94DD9415FD31 /* Pods-ZQSearchControllerUITests.release.xcconfig */ = {isa = PBXFileReference; includeInIndex = 1; lastKnownFileType = text.xcconfig; name = "Pods-ZQSearchControllerUITests.release.xcconfig"; path = "Pods/Target Support Files/Pods-ZQSearchControllerUITests/Pods-ZQSearchControllerUITests.release.xcconfig"; sourceTree = "<group>"; };
		18E8DE0951875E83B11B8346 /* Pods-ZQSearchControllerTests.release.xcconfig */ = {isa = PBXFileReference; includeInIndex = 1; lastKnownFileType = text.xcconfig; name = "Pods-ZQSearchControllerTests.release.xcconfig"; path = "Pods/Target Support Files/Pods-ZQSearchControllerTests/Pods-ZQSearchControllerTests.release.xcconfig"; sourceTree = "<group>"; };
		7B8BDC367973E6FD7E59AF16 /* Pods-ZQSearchController.release.xcconfig */ = {isa = PBXFileReference; includeInIndex = 1; lastKnownFileType = text.xcconfig; name = "Pods-ZQSearchController.release.xcconfig"; path = "Pods/Target Support Files/Pods-ZQSearchController/Pods-ZQSearchController.release.xcconfig"; sourceTree = "<group>"; };
		BD12C9B70A08CAC78001E2F6 /* Pods-ZQSearchController.debug.xcconfig */ = {isa = PBXFileReference; includeInIndex = 1; lastKnownFileType = text.xcconfig; name = "Pods-ZQSearchController.debug.xcconfig"; path = "Pods/Target Support Files/Pods-ZQSearchController/Pods-ZQSearchController.debug.xcconfig"; sourceTree = "<group>"; };
		CDE18AE016B8576B5A528756 /* libPods-ZQSearchController.a */ = {isa = PBXFileReference; explicitFileType = archive.ar; includeInIndex = 0; path = "libPods-ZQSearchController.a"; sourceTree = BUILT_PRODUCTS_DIR; };
		D3E0A97115FEAA4911B46CF1 /* libPods-ZQSearchControllerTests.a */ = {isa = PBXFileReference; explicitFileType = archive.ar; includeInIndex = 0; path = "libPods-ZQSearchControllerTests.a"; sourceTree = BUILT_PRODUCTS_DIR; };
		D547C6BC17D688A72F2281D7 /* Pods-ZQSearchControllerTests.debug.xcconfig */ = {isa = PBXFileReference; includeInIndex = 1; lastKnownFileType = text.xcconfig; name = "Pods-ZQSearchControllerTests.debug.xcconfig"; path = "Pods/Target Support Files/Pods-ZQSearchControllerTests/Pods-ZQSearchControllerTests.debug.xcconfig"; sourceTree = "<group>"; };
		DAB5F4B5C0A249BD55BC37EA /* libPods-ZQSearchControllerUITests.a */ = {isa = PBXFileReference; explicitFileType = archive.ar; includeInIndex = 0; path = "libPods-ZQSearchControllerUITests.a"; sourceTree = BUILT_PRODUCTS_DIR; };
		F0861869FA9F29C1034C8FC1 /* Pods-ZQSearchControllerUITests.debug.xcconfig */ = {isa = PBXFileReference; includeInIndex = 1; lastKnownFileType = text.xcconfig; name = "Pods-ZQSearchControllerUITests.debug.xcconfig"; path = "Pods/Target Support Files/Pods-ZQSearchControllerUITests/Pods-ZQSearchControllerUITests.debug.xcconfig"; sourceTree = "<group>"; };
/* End PBXFileReference section */

/* Begin PBXFrameworksBuildPhase section */
		0C4E386021538A2C000766A0 /* Frameworks */ = {
			isa = PBXFrameworksBuildPhase;
			buildActionMask = 2147483647;
			files = (
				F14ECEA2701B3B4DC28E6150 /* libPods-ZQSearchController.a in Frameworks */,
			);
			runOnlyForDeploymentPostprocessing = 0;
		};
		0C4E387821538A2E000766A0 /* Frameworks */ = {
			isa = PBXFrameworksBuildPhase;
			buildActionMask = 2147483647;
			files = (
				F4F376065CD7AC08A5632399 /* libPods-ZQSearchControllerTests.a in Frameworks */,
			);
			runOnlyForDeploymentPostprocessing = 0;
		};
		0C4E388321538A2E000766A0 /* Frameworks */ = {
			isa = PBXFrameworksBuildPhase;
			buildActionMask = 2147483647;
			files = (
				14D9BD4F2EEB108F3333AD7E /* libPods-ZQSearchControllerUITests.a in Frameworks */,
			);
			runOnlyForDeploymentPostprocessing = 0;
		};
/* End PBXFrameworksBuildPhase section */

/* Begin PBXGroup section */
		0C4E385A21538A2C000766A0 = {
			isa = PBXGroup;
			children = (
				0C4E386521538A2D000766A0 /* ZQSearchController */,
				0C4E387E21538A2E000766A0 /* ZQSearchControllerTests */,
				0C4E388921538A2E000766A0 /* ZQSearchControllerUITests */,
				0C4E386421538A2C000766A0 /* Products */,
				AEC83EE4929410B017BF8E53 /* Pods */,
				10FA21D57663B990CF2C6095 /* Frameworks */,
			);
			sourceTree = "<group>";
		};
		0C4E386421538A2C000766A0 /* Products */ = {
			isa = PBXGroup;
			children = (
				0C4E386321538A2C000766A0 /* ZQSearchController.app */,
				0C4E387B21538A2E000766A0 /* ZQSearchControllerTests.xctest */,
				0C4E388621538A2E000766A0 /* ZQSearchControllerUITests.xctest */,
			);
			name = Products;
			sourceTree = "<group>";
		};
		0C4E386521538A2D000766A0 /* ZQSearchController */ = {
			isa = PBXGroup;
			children = (
				0C6F0910216C59000015CE9D /* Example */,
				0C6F08E4216C58ED0015CE9D /* Classes */,
				0C6F08DD216C58ED0015CE9D /* Images */,
			);
			path = ZQSearchController;
			sourceTree = "<group>";
		};
		0C4E387E21538A2E000766A0 /* ZQSearchControllerTests */ = {
			isa = PBXGroup;
			children = (
				0C4E387F21538A2E000766A0 /* ZQSearchControllerTests.m */,
				0C4E388121538A2E000766A0 /* Info.plist */,
			);
			path = ZQSearchControllerTests;
			sourceTree = "<group>";
		};
		0C4E388921538A2E000766A0 /* ZQSearchControllerUITests */ = {
			isa = PBXGroup;
			children = (
				0C4E388A21538A2E000766A0 /* ZQSearchControllerUITests.m */,
				0C4E388C21538A2E000766A0 /* Info.plist */,
			);
			path = ZQSearchControllerUITests;
			sourceTree = "<group>";
		};
		0C6F08DD216C58ED0015CE9D /* Images */ = {
			isa = PBXGroup;
			children = (
				0C6F08DE216C58ED0015CE9D /* icon_x.png */,
				0C6F08DF216C58ED0015CE9D /* empty.png */,
				0C6F08E0216C58ED0015CE9D /* default@3x.png */,
				0C6F08E1216C58ED0015CE9D /* ZQSearch.podspec */,
				0C6F08E2216C58ED0015CE9D /* ic_search@3x.png */,
				0C6F08E3216C58ED0015CE9D /* ic_back@2x.png */,
			);
			path = Images;
			sourceTree = "<group>";
		};
		0C6F08E4216C58ED0015CE9D /* Classes */ = {
			isa = PBXGroup;
			children = (
				0C6F08E5216C58ED0015CE9D /* ZQSearch */,
			);
			path = Classes;
			sourceTree = "<group>";
		};
		0C6F08E5216C58ED0015CE9D /* ZQSearch */ = {
			isa = PBXGroup;
			children = (
				0C6F08E6216C58ED0015CE9D /* ZQSearchConst.h */,
				0C6F08E7216C58ED0015CE9D /* Category */,
				0C6F08EA216C58ED0015CE9D /* Layout */,
				0C6F08ED216C58ED0015CE9D /* Controller */,
				0C6F08F4216C58ED0015CE9D /* Model */,
				0C6F08F5216C58ED0015CE9D /* View */,
			);
			path = ZQSearch;
			sourceTree = "<group>";
		};
		0C6F08E7216C58ED0015CE9D /* Category */ = {
			isa = PBXGroup;
			children = (
				0C6F08E8216C58ED0015CE9D /* UIColor+ZQSearch.h */,
				0C6F08E9216C58ED0015CE9D /* UIColor+ZQSearch.m */,
			);
			path = Category;
			sourceTree = "<group>";
		};
		0C6F08EA216C58ED0015CE9D /* Layout */ = {
			isa = PBXGroup;
			children = (
				0C6F08EB216C58ED0015CE9D /* ZQSearchNormalLayout.m */,
				0C6F08EC216C58ED0015CE9D /* ZQSearchNormalLayout.h */,
			);
			path = Layout;
			sourceTree = "<group>";
		};
		0C6F08ED216C58ED0015CE9D /* Controller */ = {
			isa = PBXGroup;
			children = (
				0C6F08EE216C58ED0015CE9D /* ZQSearchNormalViewController.h */,
				0C6F08F1216C58ED0015CE9D /* ZQSearchNormalViewController.m */,
				0C6F08F3216C58ED0015CE9D /* ZQSearchEditViewController.h */,
				0C6F08EF216C58ED0015CE9D /* ZQSearchEditViewController.m */,
				0C6F08F2216C58ED0015CE9D /* ZQSearchViewController.h */,
				0C6F08F0216C58ED0015CE9D /* ZQSearchViewController.m */,
			);
			path = Controller;
			sourceTree = "<group>";
		};
		0C6F08F4216C58ED0015CE9D /* Model */ = {
			isa = PBXGroup;
			children = (
			);
			path = Model;
			sourceTree = "<group>";
		};
		0C6F08F5216C58ED0015CE9D /* View */ = {
			isa = PBXGroup;
			children = (
				0C6F08FD216C58ED0015CE9D /* ZQSearchEditBaseCell.h */,
				0C6F08F8216C58ED0015CE9D /* ZQSearchEditBaseCell.m */,
				0C6F08FF216C58ED0015CE9D /* ZQSearchConfirmCell.h */,
				0C6F08F9216C58ED0015CE9D /* ZQSearchConfirmCell.m */,
				0C6F08FB216C58ED0015CE9D /* ZQSearchNormalCell.h */,
				0C6F08F7216C58ED0015CE9D /* ZQSearchNormalCell.m */,
				0C6F08FE216C58ED0015CE9D /* ZQSearchEditNormalCell.h */,
				0C6F08FA216C58ED0015CE9D /* ZQSearchEditNormalCell.m */,
				0C6F08FC216C58ED0015CE9D /* ZQSearchCollectionReusableView.m */,
				0C6F08F6216C58ED0015CE9D /* ZQSearchCollectionReusableView.h */,
			);
			path = View;
			sourceTree = "<group>";
		};
		0C6F0910216C59000015CE9D /* Example */ = {
			isa = PBXGroup;
			children = (
				0C6F0911216C59000015CE9D /* Demo */,
				0C6F091A216C59000015CE9D /* AppDelegate.h */,
				0C6F091B216C59000015CE9D /* Assets.xcassets */,
				0C6F091C216C59000015CE9D /* LaunchScreen.storyboard */,
				0C6F091E216C59000015CE9D /* Main.storyboard */,
				0C6F0920216C59000015CE9D /* main.m */,
				0C6F0921216C59000015CE9D /* AppDelegate.m */,
				0C6F0922216C59000015CE9D /* Info.plist */,
			);
			path = Example;
			sourceTree = SOURCE_ROOT;
		};
		0C6F0911216C59000015CE9D /* Demo */ = {
			isa = PBXGroup;
			children = (
				0C6F0916216C59000015CE9D /* searchEditModel.h */,
				0C6F0912216C59000015CE9D /* searchEditModel.m */,
				0C6F0915216C59000015CE9D /* ResultFuzzyViewController.h */,
				0C6F0918216C59000015CE9D /* ResultFuzzyViewController.m */,
				0C6F0917216C59000015CE9D /* ResultViewController.h */,
				0C6F0913216C59000015CE9D /* ResultViewController.m */,
				0C6F0919216C59000015CE9D /* ViewController.h */,
				0C6F0914216C59000015CE9D /* ViewController.m */,
			);
			path = Demo;
			sourceTree = "<group>";
		};
		10FA21D57663B990CF2C6095 /* Frameworks */ = {
			isa = PBXGroup;
			children = (
				CDE18AE016B8576B5A528756 /* libPods-ZQSearchController.a */,
				D3E0A97115FEAA4911B46CF1 /* libPods-ZQSearchControllerTests.a */,
				DAB5F4B5C0A249BD55BC37EA /* libPods-ZQSearchControllerUITests.a */,
			);
			name = Frameworks;
			sourceTree = "<group>";
		};
		AEC83EE4929410B017BF8E53 /* Pods */ = {
			isa = PBXGroup;
			children = (
				BD12C9B70A08CAC78001E2F6 /* Pods-ZQSearchController.debug.xcconfig */,
				7B8BDC367973E6FD7E59AF16 /* Pods-ZQSearchController.release.xcconfig */,
				D547C6BC17D688A72F2281D7 /* Pods-ZQSearchControllerTests.debug.xcconfig */,
				18E8DE0951875E83B11B8346 /* Pods-ZQSearchControllerTests.release.xcconfig */,
				F0861869FA9F29C1034C8FC1 /* Pods-ZQSearchControllerUITests.debug.xcconfig */,
				16ACD1970B7E94DD9415FD31 /* Pods-ZQSearchControllerUITests.release.xcconfig */,
			);
			name = Pods;
			sourceTree = "<group>";
		};
/* End PBXGroup section */

/* Begin PBXNativeTarget section */
		0C4E386221538A2C000766A0 /* ZQSearchController */ = {
			isa = PBXNativeTarget;
			buildConfigurationList = 0C4E388F21538A2E000766A0 /* Build configuration list for PBXNativeTarget "ZQSearchController" */;
			buildPhases = (
				6813951989E6D2E1232E5651 /* [CP] Check Pods Manifest.lock */,
				0C4E385F21538A2C000766A0 /* Sources */,
				0C4E386021538A2C000766A0 /* Frameworks */,
				0C4E386121538A2C000766A0 /* Resources */,
			);
			buildRules = (
			);
			dependencies = (
			);
			name = ZQSearchController;
			productName = ZQSearchController;
			productReference = 0C4E386321538A2C000766A0 /* ZQSearchController.app */;
			productType = "com.apple.product-type.application";
		};
		0C4E387A21538A2E000766A0 /* ZQSearchControllerTests */ = {
			isa = PBXNativeTarget;
			buildConfigurationList = 0C4E389221538A2E000766A0 /* Build configuration list for PBXNativeTarget "ZQSearchControllerTests" */;
			buildPhases = (
				5EEDA78E882A5B12619F78DA /* [CP] Check Pods Manifest.lock */,
				0C4E387721538A2E000766A0 /* Sources */,
				0C4E387821538A2E000766A0 /* Frameworks */,
				0C4E387921538A2E000766A0 /* Resources */,
			);
			buildRules = (
			);
			dependencies = (
				0C4E387D21538A2E000766A0 /* PBXTargetDependency */,
			);
			name = ZQSearchControllerTests;
			productName = ZQSearchControllerTests;
			productReference = 0C4E387B21538A2E000766A0 /* ZQSearchControllerTests.xctest */;
			productType = "com.apple.product-type.bundle.unit-test";
		};
		0C4E388521538A2E000766A0 /* ZQSearchControllerUITests */ = {
			isa = PBXNativeTarget;
			buildConfigurationList = 0C4E389521538A2E000766A0 /* Build configuration list for PBXNativeTarget "ZQSearchControllerUITests" */;
			buildPhases = (
				35FD9CD32BADD292985018D2 /* [CP] Check Pods Manifest.lock */,
				0C4E388221538A2E000766A0 /* Sources */,
				0C4E388321538A2E000766A0 /* Frameworks */,
				0C4E388421538A2E000766A0 /* Resources */,
			);
			buildRules = (
			);
			dependencies = (
				0C4E388821538A2E000766A0 /* PBXTargetDependency */,
			);
			name = ZQSearchControllerUITests;
			productName = ZQSearchControllerUITests;
			productReference = 0C4E388621538A2E000766A0 /* ZQSearchControllerUITests.xctest */;
			productType = "com.apple.product-type.bundle.ui-testing";
		};
/* End PBXNativeTarget section */

/* Begin PBXProject section */
		0C4E385B21538A2C000766A0 /* Project object */ = {
			isa = PBXProject;
			attributes = {
				LastUpgradeCheck = 0940;
				ORGANIZATIONNAME = zzq;
				TargetAttributes = {
					0C4E386221538A2C000766A0 = {
						CreatedOnToolsVersion = 9.4.1;
					};
					0C4E387A21538A2E000766A0 = {
						CreatedOnToolsVersion = 9.4.1;
						TestTargetID = 0C4E386221538A2C000766A0;
					};
					0C4E388521538A2E000766A0 = {
						CreatedOnToolsVersion = 9.4.1;
						TestTargetID = 0C4E386221538A2C000766A0;
					};
				};
			};
			buildConfigurationList = 0C4E385E21538A2C000766A0 /* Build configuration list for PBXProject "ZQSearchController" */;
			compatibilityVersion = "Xcode 9.3";
			developmentRegion = en;
			hasScannedForEncodings = 0;
			knownRegions = (
				en,
				Base,
			);
			mainGroup = 0C4E385A21538A2C000766A0;
			productRefGroup = 0C4E386421538A2C000766A0 /* Products */;
			projectDirPath = "";
			projectRoot = "";
			targets = (
				0C4E386221538A2C000766A0 /* ZQSearchController */,
				0C4E387A21538A2E000766A0 /* ZQSearchControllerTests */,
				0C4E388521538A2E000766A0 /* ZQSearchControllerUITests */,
			);
		};
/* End PBXProject section */

/* Begin PBXResourcesBuildPhase section */
		0C4E386121538A2C000766A0 /* Resources */ = {
			isa = PBXResourcesBuildPhase;
			buildActionMask = 2147483647;
			files = (
				0C6F0902216C58ED0015CE9D /* default@3x.png in Resources */,
				0C6F0928216C59000015CE9D /* LaunchScreen.storyboard in Resources */,
				0C6F0903216C58ED0015CE9D /* ZQSearch.podspec in Resources */,
				0C6F0904216C58ED0015CE9D /* ic_search@3x.png in Resources */,
				0C6F0905216C58ED0015CE9D /* ic_back@2x.png in Resources */,
				0C6F0927216C59000015CE9D /* Assets.xcassets in Resources */,
				0C6F0929216C59000015CE9D /* Main.storyboard in Resources */,
				0C6F0900216C58ED0015CE9D /* icon_x.png in Resources */,
				0C6F0901216C58ED0015CE9D /* empty.png in Resources */,
			);
			runOnlyForDeploymentPostprocessing = 0;
		};
		0C4E387921538A2E000766A0 /* Resources */ = {
			isa = PBXResourcesBuildPhase;
			buildActionMask = 2147483647;
			files = (
			);
			runOnlyForDeploymentPostprocessing = 0;
		};
		0C4E388421538A2E000766A0 /* Resources */ = {
			isa = PBXResourcesBuildPhase;
			buildActionMask = 2147483647;
			files = (
			);
			runOnlyForDeploymentPostprocessing = 0;
		};
/* End PBXResourcesBuildPhase section */

/* Begin PBXShellScriptBuildPhase section */
		35FD9CD32BADD292985018D2 /* [CP] Check Pods Manifest.lock */ = {
			isa = PBXShellScriptBuildPhase;
			buildActionMask = 2147483647;
			files = (
			);
			inputPaths = (
				"${PODS_PODFILE_DIR_PATH}/Podfile.lock",
				"${PODS_ROOT}/Manifest.lock",
			);
			name = "[CP] Check Pods Manifest.lock";
			outputPaths = (
				"$(DERIVED_FILE_DIR)/Pods-ZQSearchControllerUITests-checkManifestLockResult.txt",
			);
			runOnlyForDeploymentPostprocessing = 0;
			shellPath = /bin/sh;
			shellScript = "diff \"${PODS_PODFILE_DIR_PATH}/Podfile.lock\" \"${PODS_ROOT}/Manifest.lock\" > /dev/null\nif [ $? != 0 ] ; then\n    # print error to STDERR\n    echo \"error: The sandbox is not in sync with the Podfile.lock. Run 'pod install' or update your CocoaPods installation.\" >&2\n    exit 1\nfi\n# This output is used by Xcode 'outputs' to avoid re-running this script phase.\necho \"SUCCESS\" > \"${SCRIPT_OUTPUT_FILE_0}\"\n";
			showEnvVarsInLog = 0;
		};
		5EEDA78E882A5B12619F78DA /* [CP] Check Pods Manifest.lock */ = {
			isa = PBXShellScriptBuildPhase;
			buildActionMask = 2147483647;
			files = (
			);
			inputPaths = (
				"${PODS_PODFILE_DIR_PATH}/Podfile.lock",
				"${PODS_ROOT}/Manifest.lock",
			);
			name = "[CP] Check Pods Manifest.lock";
			outputPaths = (
				"$(DERIVED_FILE_DIR)/Pods-ZQSearchControllerTests-checkManifestLockResult.txt",
			);
			runOnlyForDeploymentPostprocessing = 0;
			shellPath = /bin/sh;
			shellScript = "diff \"${PODS_PODFILE_DIR_PATH}/Podfile.lock\" \"${PODS_ROOT}/Manifest.lock\" > /dev/null\nif [ $? != 0 ] ; then\n    # print error to STDERR\n    echo \"error: The sandbox is not in sync with the Podfile.lock. Run 'pod install' or update your CocoaPods installation.\" >&2\n    exit 1\nfi\n# This output is used by Xcode 'outputs' to avoid re-running this script phase.\necho \"SUCCESS\" > \"${SCRIPT_OUTPUT_FILE_0}\"\n";
			showEnvVarsInLog = 0;
		};
		6813951989E6D2E1232E5651 /* [CP] Check Pods Manifest.lock */ = {
			isa = PBXShellScriptBuildPhase;
			buildActionMask = 2147483647;
			files = (
			);
			inputPaths = (
				"${PODS_PODFILE_DIR_PATH}/Podfile.lock",
				"${PODS_ROOT}/Manifest.lock",
			);
			name = "[CP] Check Pods Manifest.lock";
			outputPaths = (
				"$(DERIVED_FILE_DIR)/Pods-ZQSearchController-checkManifestLockResult.txt",
			);
			runOnlyForDeploymentPostprocessing = 0;
			shellPath = /bin/sh;
			shellScript = "diff \"${PODS_PODFILE_DIR_PATH}/Podfile.lock\" \"${PODS_ROOT}/Manifest.lock\" > /dev/null\nif [ $? != 0 ] ; then\n    # print error to STDERR\n    echo \"error: The sandbox is not in sync with the Podfile.lock. Run 'pod install' or update your CocoaPods installation.\" >&2\n    exit 1\nfi\n# This output is used by Xcode 'outputs' to avoid re-running this script phase.\necho \"SUCCESS\" > \"${SCRIPT_OUTPUT_FILE_0}\"\n";
			showEnvVarsInLog = 0;
		};
/* End PBXShellScriptBuildPhase section */

/* Begin PBXSourcesBuildPhase section */
		0C4E385F21538A2C000766A0 /* Sources */ = {
			isa = PBXSourcesBuildPhase;
			buildActionMask = 2147483647;
			files = (
				0C6F090F216C58ED0015CE9D /* ZQSearchCollectionReusableView.m in Sources */,
				0C6F090C216C58ED0015CE9D /* ZQSearchEditBaseCell.m in Sources */,
				0C6F0908216C58ED0015CE9D /* ZQSearchEditViewController.m in Sources */,
				0C6F0906216C58ED0015CE9D /* UIColor+ZQSearch.m in Sources */,
				0C6F092B216C59000015CE9D /* AppDelegate.m in Sources */,
				0C6F090E216C58ED0015CE9D /* ZQSearchEditNormalCell.m in Sources */,
				0C6F0907216C58ED0015CE9D /* ZQSearchNormalLayout.m in Sources */,
				0C6F0925216C59000015CE9D /* ViewController.m in Sources */,
				0C6F0923216C59000015CE9D /* searchEditModel.m in Sources */,
				0C6F0926216C59000015CE9D /* ResultFuzzyViewController.m in Sources */,
				0C6F090B216C58ED0015CE9D /* ZQSearchNormalCell.m in Sources */,
				0C6F092A216C59000015CE9D /* main.m in Sources */,
				0C6F0909216C58ED0015CE9D /* ZQSearchViewController.m in Sources */,
				0C6F090A216C58ED0015CE9D /* ZQSearchNormalViewController.m in Sources */,
				0C6F090D216C58ED0015CE9D /* ZQSearchConfirmCell.m in Sources */,
				0C6F0924216C59000015CE9D /* ResultViewController.m in Sources */,
			);
			runOnlyForDeploymentPostprocessing = 0;
		};
		0C4E387721538A2E000766A0 /* Sources */ = {
			isa = PBXSourcesBuildPhase;
			buildActionMask = 2147483647;
			files = (
				0C4E388021538A2E000766A0 /* ZQSearchControllerTests.m in Sources */,
			);
			runOnlyForDeploymentPostprocessing = 0;
		};
		0C4E388221538A2E000766A0 /* Sources */ = {
			isa = PBXSourcesBuildPhase;
			buildActionMask = 2147483647;
			files = (
				0C4E388B21538A2E000766A0 /* ZQSearchControllerUITests.m in Sources */,
			);
			runOnlyForDeploymentPostprocessing = 0;
		};
/* End PBXSourcesBuildPhase section */

/* Begin PBXTargetDependency section */
		0C4E387D21538A2E000766A0 /* PBXTargetDependency */ = {
			isa = PBXTargetDependency;
			target = 0C4E386221538A2C000766A0 /* ZQSearchController */;
			targetProxy = 0C4E387C21538A2E000766A0 /* PBXContainerItemProxy */;
		};
		0C4E388821538A2E000766A0 /* PBXTargetDependency */ = {
			isa = PBXTargetDependency;
			target = 0C4E386221538A2C000766A0 /* ZQSearchController */;
			targetProxy = 0C4E388721538A2E000766A0 /* PBXContainerItemProxy */;
		};
/* End PBXTargetDependency section */

/* Begin PBXVariantGroup section */
		0C6F091C216C59000015CE9D /* LaunchScreen.storyboard */ = {
			isa = PBXVariantGroup;
			children = (
				0C6F091D216C59000015CE9D /* Base */,
			);
			name = LaunchScreen.storyboard;
			sourceTree = "<group>";
		};
		0C6F091E216C59000015CE9D /* Main.storyboard */ = {
			isa = PBXVariantGroup;
			children = (
				0C6F091F216C59000015CE9D /* Base */,
			);
			name = Main.storyboard;
			sourceTree = "<group>";
		};
/* End PBXVariantGroup section */

/* Begin XCBuildConfiguration section */
		0C4E388D21538A2E000766A0 /* Debug */ = {
			isa = XCBuildConfiguration;
			buildSettings = {
				ALWAYS_SEARCH_USER_PATHS = NO;
				CLANG_ANALYZER_NONNULL = YES;
				CLANG_ANALYZER_NUMBER_OBJECT_CONVERSION = YES_AGGRESSIVE;
				CLANG_CXX_LANGUAGE_STANDARD = "gnu++14";
				CLANG_CXX_LIBRARY = "libc++";
				CLANG_ENABLE_MODULES = YES;
				CLANG_ENABLE_OBJC_ARC = YES;
				CLANG_ENABLE_OBJC_WEAK = YES;
				CLANG_WARN_BLOCK_CAPTURE_AUTORELEASING = YES;
				CLANG_WARN_BOOL_CONVERSION = YES;
				CLANG_WARN_COMMA = YES;
				CLANG_WARN_CONSTANT_CONVERSION = YES;
				CLANG_WARN_DEPRECATED_OBJC_IMPLEMENTATIONS = YES;
				CLANG_WARN_DIRECT_OBJC_ISA_USAGE = YES_ERROR;
				CLANG_WARN_DOCUMENTATION_COMMENTS = YES;
				CLANG_WARN_EMPTY_BODY = YES;
				CLANG_WARN_ENUM_CONVERSION = YES;
				CLANG_WARN_INFINITE_RECURSION = YES;
				CLANG_WARN_INT_CONVERSION = YES;
				CLANG_WARN_NON_LITERAL_NULL_CONVERSION = YES;
				CLANG_WARN_OBJC_IMPLICIT_RETAIN_SELF = YES;
				CLANG_WARN_OBJC_LITERAL_CONVERSION = YES;
				CLANG_WARN_OBJC_ROOT_CLASS = YES_ERROR;
				CLANG_WARN_RANGE_LOOP_ANALYSIS = YES;
				CLANG_WARN_STRICT_PROTOTYPES = YES;
				CLANG_WARN_SUSPICIOUS_MOVE = YES;
				CLANG_WARN_UNGUARDED_AVAILABILITY = YES_AGGRESSIVE;
				CLANG_WARN_UNREACHABLE_CODE = YES;
				CLANG_WARN__DUPLICATE_METHOD_MATCH = YES;
				CODE_SIGN_IDENTITY = "iPhone Developer";
				COPY_PHASE_STRIP = NO;
				DEBUG_INFORMATION_FORMAT = dwarf;
				ENABLE_STRICT_OBJC_MSGSEND = YES;
				ENABLE_TESTABILITY = YES;
				GCC_C_LANGUAGE_STANDARD = gnu11;
				GCC_DYNAMIC_NO_PIC = NO;
				GCC_NO_COMMON_BLOCKS = YES;
				GCC_OPTIMIZATION_LEVEL = 0;
				GCC_PREPROCESSOR_DEFINITIONS = (
					"DEBUG=1",
					"$(inherited)",
				);
				GCC_WARN_64_TO_32_BIT_CONVERSION = YES;
				GCC_WARN_ABOUT_RETURN_TYPE = YES_ERROR;
				GCC_WARN_UNDECLARED_SELECTOR = YES;
				GCC_WARN_UNINITIALIZED_AUTOS = YES_AGGRESSIVE;
				GCC_WARN_UNUSED_FUNCTION = YES;
				GCC_WARN_UNUSED_VARIABLE = YES;
				IPHONEOS_DEPLOYMENT_TARGET = 11.4;
				MTL_ENABLE_DEBUG_INFO = YES;
				ONLY_ACTIVE_ARCH = YES;
				SDKROOT = iphoneos;
			};
			name = Debug;
		};
		0C4E388E21538A2E000766A0 /* Release */ = {
			isa = XCBuildConfiguration;
			buildSettings = {
				ALWAYS_SEARCH_USER_PATHS = NO;
				CLANG_ANALYZER_NONNULL = YES;
				CLANG_ANALYZER_NUMBER_OBJECT_CONVERSION = YES_AGGRESSIVE;
				CLANG_CXX_LANGUAGE_STANDARD = "gnu++14";
				CLANG_CXX_LIBRARY = "libc++";
				CLANG_ENABLE_MODULES = YES;
				CLANG_ENABLE_OBJC_ARC = YES;
				CLANG_ENABLE_OBJC_WEAK = YES;
				CLANG_WARN_BLOCK_CAPTURE_AUTORELEASING = YES;
				CLANG_WARN_BOOL_CONVERSION = YES;
				CLANG_WARN_COMMA = YES;
				CLANG_WARN_CONSTANT_CONVERSION = YES;
				CLANG_WARN_DEPRECATED_OBJC_IMPLEMENTATIONS = YES;
				CLANG_WARN_DIRECT_OBJC_ISA_USAGE = YES_ERROR;
				CLANG_WARN_DOCUMENTATION_COMMENTS = YES;
				CLANG_WARN_EMPTY_BODY = YES;
				CLANG_WARN_ENUM_CONVERSION = YES;
				CLANG_WARN_INFINITE_RECURSION = YES;
				CLANG_WARN_INT_CONVERSION = YES;
				CLANG_WARN_NON_LITERAL_NULL_CONVERSION = YES;
				CLANG_WARN_OBJC_IMPLICIT_RETAIN_SELF = YES;
				CLANG_WARN_OBJC_LITERAL_CONVERSION = YES;
				CLANG_WARN_OBJC_ROOT_CLASS = YES_ERROR;
				CLANG_WARN_RANGE_LOOP_ANALYSIS = YES;
				CLANG_WARN_STRICT_PROTOTYPES = YES;
				CLANG_WARN_SUSPICIOUS_MOVE = YES;
				CLANG_WARN_UNGUARDED_AVAILABILITY = YES_AGGRESSIVE;
				CLANG_WARN_UNREACHABLE_CODE = YES;
				CLANG_WARN__DUPLICATE_METHOD_MATCH = YES;
				CODE_SIGN_IDENTITY = "iPhone Developer";
				COPY_PHASE_STRIP = NO;
				DEBUG_INFORMATION_FORMAT = "dwarf-with-dsym";
				ENABLE_NS_ASSERTIONS = NO;
				ENABLE_STRICT_OBJC_MSGSEND = YES;
				GCC_C_LANGUAGE_STANDARD = gnu11;
				GCC_NO_COMMON_BLOCKS = YES;
				GCC_WARN_64_TO_32_BIT_CONVERSION = YES;
				GCC_WARN_ABOUT_RETURN_TYPE = YES_ERROR;
				GCC_WARN_UNDECLARED_SELECTOR = YES;
				GCC_WARN_UNINITIALIZED_AUTOS = YES_AGGRESSIVE;
				GCC_WARN_UNUSED_FUNCTION = YES;
				GCC_WARN_UNUSED_VARIABLE = YES;
				IPHONEOS_DEPLOYMENT_TARGET = 11.4;
				MTL_ENABLE_DEBUG_INFO = NO;
				SDKROOT = iphoneos;
				VALIDATE_PRODUCT = YES;
			};
			name = Release;
		};
		0C4E389021538A2E000766A0 /* Debug */ = {
			isa = XCBuildConfiguration;
			baseConfigurationReference = BD12C9B70A08CAC78001E2F6 /* Pods-ZQSearchController.debug.xcconfig */;
			buildSettings = {
				ASSETCATALOG_COMPILER_APPICON_NAME = AppIcon;
				CLANG_WARN_OBJC_IMPLICIT_RETAIN_SELF = NO;
				CODE_SIGN_IDENTITY = "iPhone Developer";
				CODE_SIGN_STYLE = Automatic;
				DEVELOPMENT_TEAM = GVRZAZ428P;
				INFOPLIST_FILE = "$(SRCROOT)/Example/Info.plist";
				IPHONEOS_DEPLOYMENT_TARGET = 9.0;
				LD_RUNPATH_SEARCH_PATHS = (
					"$(inherited)",
					"@executable_path/Frameworks",
				);
				PRODUCT_BUNDLE_IDENTIFIER = com.ZQ.ZQSearchController;
				PRODUCT_NAME = "$(TARGET_NAME)";
				PROVISIONING_PROFILE_SPECIFIER = "";
				TARGETED_DEVICE_FAMILY = "1,2";
			};
			name = Debug;
		};
		0C4E389121538A2E000766A0 /* Release */ = {
			isa = XCBuildConfiguration;
			baseConfigurationReference = 7B8BDC367973E6FD7E59AF16 /* Pods-ZQSearchController.release.xcconfig */;
			buildSettings = {
				ASSETCATALOG_COMPILER_APPICON_NAME = AppIcon;
				CLANG_WARN_OBJC_IMPLICIT_RETAIN_SELF = NO;
				CODE_SIGN_IDENTITY = "iPhone Developer";
				CODE_SIGN_STYLE = Automatic;
				DEVELOPMENT_TEAM = GVRZAZ428P;
				INFOPLIST_FILE = "$(SRCROOT)/Example/Info.plist";
				IPHONEOS_DEPLOYMENT_TARGET = 9.0;
				LD_RUNPATH_SEARCH_PATHS = (
					"$(inherited)",
					"@executable_path/Frameworks",
				);
				PRODUCT_BUNDLE_IDENTIFIER = com.ZQ.ZQSearchController;
				PRODUCT_NAME = "$(TARGET_NAME)";
				PROVISIONING_PROFILE_SPECIFIER = "";
				TARGETED_DEVICE_FAMILY = "1,2";
			};
			name = Release;
		};
		0C4E389321538A2E000766A0 /* Debug */ = {
			isa = XCBuildConfiguration;
			baseConfigurationReference = D547C6BC17D688A72F2281D7 /* Pods-ZQSearchControllerTests.debug.xcconfig */;
			buildSettings = {
				BUNDLE_LOADER = "$(TEST_HOST)";
				CODE_SIGN_STYLE = Automatic;
				INFOPLIST_FILE = ZQSearchControllerTests/Info.plist;
				LD_RUNPATH_SEARCH_PATHS = (
					"$(inherited)",
					"@executable_path/Frameworks",
					"@loader_path/Frameworks",
				);
				PRODUCT_BUNDLE_IDENTIFIER = com.ZQ.ZQSearchControllerTests;
				PRODUCT_NAME = "$(TARGET_NAME)";
				TARGETED_DEVICE_FAMILY = "1,2";
				TEST_HOST = "$(BUILT_PRODUCTS_DIR)/ZQSearchController.app/ZQSearchController";
			};
			name = Debug;
		};
		0C4E389421538A2E000766A0 /* Release */ = {
			isa = XCBuildConfiguration;
			baseConfigurationReference = 18E8DE0951875E83B11B8346 /* Pods-ZQSearchControllerTests.release.xcconfig */;
			buildSettings = {
				BUNDLE_LOADER = "$(TEST_HOST)";
				CODE_SIGN_STYLE = Automatic;
				INFOPLIST_FILE = ZQSearchControllerTests/Info.plist;
				LD_RUNPATH_SEARCH_PATHS = (
					"$(inherited)",
					"@executable_path/Frameworks",
					"@loader_path/Frameworks",
				);
				PRODUCT_BUNDLE_IDENTIFIER = com.ZQ.ZQSearchControllerTests;
				PRODUCT_NAME = "$(TARGET_NAME)";
				TARGETED_DEVICE_FAMILY = "1,2";
				TEST_HOST = "$(BUILT_PRODUCTS_DIR)/ZQSearchController.app/ZQSearchController";
			};
			name = Release;
		};
		0C4E389621538A2E000766A0 /* Debug */ = {
			isa = XCBuildConfiguration;
			baseConfigurationReference = F0861869FA9F29C1034C8FC1 /* Pods-ZQSearchControllerUITests.debug.xcconfig */;
			buildSettings = {
				CODE_SIGN_STYLE = Automatic;
				INFOPLIST_FILE = ZQSearchControllerUITests/Info.plist;
				LD_RUNPATH_SEARCH_PATHS = (
					"$(inherited)",
					"@executable_path/Frameworks",
					"@loader_path/Frameworks",
				);
				PRODUCT_BUNDLE_IDENTIFIER = com.ZQ.ZQSearchControllerUITests;
				PRODUCT_NAME = "$(TARGET_NAME)";
				TARGETED_DEVICE_FAMILY = "1,2";
				TEST_TARGET_NAME = ZQSearchController;
			};
			name = Debug;
		};
		0C4E389721538A2E000766A0 /* Release */ = {
			isa = XCBuildConfiguration;
			baseConfigurationReference = 16ACD1970B7E94DD9415FD31 /* Pods-ZQSearchControllerUITests.release.xcconfig */;
			buildSettings = {
				CODE_SIGN_STYLE = Automatic;
				INFOPLIST_FILE = ZQSearchControllerUITests/Info.plist;
				LD_RUNPATH_SEARCH_PATHS = (
					"$(inherited)",
					"@executable_path/Frameworks",
					"@loader_path/Frameworks",
				);
				PRODUCT_BUNDLE_IDENTIFIER = com.ZQ.ZQSearchControllerUITests;
				PRODUCT_NAME = "$(TARGET_NAME)";
				TARGETED_DEVICE_FAMILY = "1,2";
				TEST_TARGET_NAME = ZQSearchController;
			};
			name = Release;
		};
/* End XCBuildConfiguration section */

/* Begin XCConfigurationList section */
		0C4E385E21538A2C000766A0 /* Build configuration list for PBXProject "ZQSearchController" */ = {
			isa = XCConfigurationList;
			buildConfigurations = (
				0C4E388D21538A2E000766A0 /* Debug */,
				0C4E388E21538A2E000766A0 /* Release */,
			);
			defaultConfigurationIsVisible = 0;
			defaultConfigurationName = Release;
		};
		0C4E388F21538A2E000766A0 /* Build configuration list for PBXNativeTarget "ZQSearchController" */ = {
			isa = XCConfigurationList;
			buildConfigurations = (
				0C4E389021538A2E000766A0 /* Debug */,
				0C4E389121538A2E000766A0 /* Release */,
			);
			defaultConfigurationIsVisible = 0;
			defaultConfigurationName = Release;
		};
		0C4E389221538A2E000766A0 /* Build configuration list for PBXNativeTarget "ZQSearchControllerTests" */ = {
			isa = XCConfigurationList;
			buildConfigurations = (
				0C4E389321538A2E000766A0 /* Debug */,
				0C4E389421538A2E000766A0 /* Release */,
			);
			defaultConfigurationIsVisible = 0;
			defaultConfigurationName = Release;
		};
		0C4E389521538A2E000766A0 /* Build configuration list for PBXNativeTarget "ZQSearchControllerUITests" */ = {
			isa = XCConfigurationList;
			buildConfigurations = (
				0C4E389621538A2E000766A0 /* Debug */,
				0C4E389721538A2E000766A0 /* Release */,
			);
			defaultConfigurationIsVisible = 0;
			defaultConfigurationName = Release;
		};
/* End XCConfigurationList section */
	};
	rootObject = 0C4E385B21538A2C000766A0 /* Project object */;
}
